{
  "nodes": {
    "ciel": {
      "inputs": {
        "nix-eda": [
          "librelane",
          "nix-eda"
        ]
      },
      "locked": {
        "lastModified": 1789842360,
        "narHash": "sha256-qJ14rnR9FJ4DXPIhnJfUbuZUjde6V8AOcoP16mKwXuA=",
        "owner": "fossi-foundation",
        "repo": "ciel",
        "rev": "1d2526e67a062ac408166a51183222e281a7b9a3",
        "type": "github"
      },
      "original": {
        "owner": "fossi-foundation",
        "ref": "3.0.0",
        "repo": "ciel",
        "type": "github"
      }
    },
    "devshell": {
      "inputs": {
        "nixpkgs": [
          "librelane",
          "nix-eda",
          "nixpkgs"
        ]
      },
      "locked": {
        "lastModified": 1788342953,
        "narHash": "sha256-EWkNM4JzBhZ/Yn1PG6lP4/QJuFAFeHYlY5gVxXu940Y=",
        "owner": "numtide",
        "repo": "devshell",
        "rev": "a67c0f87b63bcbdbdcb56785bec0205a2e3d6026",
        "type": "github"
      },
      "original": {
        "owner": "numtide",
        "repo": "devshell",
        "type": "github"
      }
    },
    "flake-compat": {
      "flake": false,
      "locked": {
        "lastModified": 1767039857,
        "narHash": "sha256-vNpUSpF5Nuw8xvDLj2KCwwksIbjua2LZCqhV1LNRDns=",
        "owner": "NixOS",
        "repo": "flake-compat",
        "rev": "5edf11c44bc78a0d334f6334cdaf7d60d732daab",
        "type": "github"
      },
      "original": {
        "owner": "NixOS",
        "repo": "flake-compat",
        "type": "github"
      }
    },
    "librelane": {
      "inputs": {
        "ciel": "ciel",
        "devshell": "devshell",
        "flake-compat": "flake-compat",
        "nix-eda": "nix-eda"
      },
      "locked": {
        "lastModified": 1791258137,
        "narHash": "sha256-+FOQDAZbgqMnLDm69QSy5ljMu3LAJ5uHBYqlcY6V0lk=",
        "owner": "librelane",
        "repo": "librelane",
        "rev": "df37e133fc3426c16e8356b1f50a17f8d6082f60",
        "type": "github"
      },
      "original": {
        "owner": "librelane",
        "ref": "dev",
        "repo": "librelane",
        "type": "github"
      }
    },
    "nix-eda": {
      "inputs": {
        "nixpkgs": "nixpkgs"
      },
      "locked": {
        "lastModified": 1787812618,
        "narHash": "sha256-xoTNzAj6BIjX5MILQUwPEXPnVoVWZrQj445H45rWIcU=",
        "owner": "fossi-foundation",
        "repo": "nix-eda",
        "rev": "854dd782733d74278b7fb5b957b5afd40b83086f",
        "type": "github"
      },
      "original": {
        "owner": "fossi-foundation",
        "ref": "7.8.0",
        "repo": "nix-eda",
        "type": "github"
      }
    },
    "nixpkgs": {
      "locked": {
        "lastModified": 1780734595,
        "narHash": "sha256-DmTfP92QFYRLOGXlMIE54MAgxSJjDWocl3gRNOu72Os=",
        "owner": "nixos",
        "repo": "nixpkgs",
        "rev": "9b696460ac78b5ccfc17c854d8c976f20456e943",
        "type": "github"
      },
      "original": {
        "owner": "nixos",
        "ref": "nixos-26.05",
        "repo": "nixpkgs",
        "type": "github"
      }
    },
    "root": {
      "inputs": {
        "librelane": "librelane"
      }
    }
  },
  "root": "root",
  "version": 7
}
